
Microsoft Visual Studio Solution File, Format Version 12.00
# Visual Studio Version 16
VisualStudioVersion = 16.0.30907.101
MinimumVisualStudioVersion = 10.0.40219.1
Project("{FAE04EC0-301F-11D3-BF4B-00C04F79EFBC}") = "CSharp.App", "CSharp.App\CSharp.App.csproj", "{52BA7E53-0DCD-4A03-AFB1-A41EEDDEF425}"
EndProject
Project("{FAE04EC0-301F-11D3-BF4B-00C04F79EFBC}") = "CSharp.Domain", "CSharp.Domain\CSharp.Domain.csproj", "{DA136005-6499-4B3B-A3C1-58F89571DF5C}"
EndProject
Project("{FAE04EC0-301F-11D3-BF4B-00C04F79EFBC}") = "FullStack.Data", "FullStack.Data\FullStack.Data.csproj", "{41FE6614-20CD-4986-8C32-F47A4D1A0A91}"
EndProject
Project("{FAE04EC0-301F-11D3-BF4B-00C04F79EFBC}") = "FullStack.ViewModels", "FullStack.ViewModels\FullStack.ViewModels.csproj", "{392D95AD-E92B-4A20-9AFE-58C20DC8C306}"
EndProject
Project("{FAE04EC0-301F-11D3-BF4B-00C04F79EFBC}") = "FullStack.API", "FullStack.API\FullStack.API.csproj", "{D9960F6C-CDF5-4E15-8834-369E04A8BE41}"
EndProject
Global
	GlobalSection(SolutionConfigurationPlatforms) = preSolution
		Debug|Any CPU = Debug|Any CPU
		Release|Any CPU = Release|Any CPU
	EndGlobalSection
	GlobalSection(ProjectConfigurationPlatforms) = postSolution
		{52BA7E53-0DCD-4A03-AFB1-A41EEDDEF425}.Debug|Any CPU.ActiveCfg = Debug|Any CPU
		{52BA7E53-0DCD-4A03-AFB1-A41EEDDEF425}.Debug|Any CPU.Build.0 = Debug|Any CPU
		{52BA7E53-0DCD-4A03-AFB1-A41EEDDEF425}.Release|Any CPU.ActiveCfg = Release|Any CPU
		{52BA7E53-0DCD-4A03-AFB1-A41EEDDEF425}.Release|Any CPU.Build.0 = Release|Any CPU
		{DA136005-6499-4B3B-A3C1-58F89571DF5C}.Debug|Any CPU.ActiveCfg = Debug|Any CPU
		{DA136005-6499-4B3B-A3C1-58F89571DF5C}.Debug|Any CPU.Build.0 = Debug|Any CPU
		{DA136005-6499-4B3B-A3C1-58F89571DF5C}.Release|Any CPU.ActiveCfg = Release|Any CPU
		{DA136005-6499-4B3B-A3C1-58F89571DF5C}.Release|Any CPU.Build.0 = Release|Any CPU
		{41FE6614-20CD-4986-8C32-F47A4D1A0A91}.Debug|Any CPU.ActiveCfg = Debug|Any CPU
		{41FE6614-20CD-4986-8C32-F47A4D1A0A91}.Debug|Any CPU.Build.0 = Debug|Any CPU
		{41FE6614-20CD-4986-8C32-F47A4D1A0A91}.Release|Any CPU.ActiveCfg = Release|Any CPU
		{41FE6614-20CD-4986-8C32-F47A4D1A0A91}.Release|Any CPU.Build.0 = Release|Any CPU
		{392D95AD-E92B-4A20-9AFE-58C20DC8C306}.Debug|Any CPU.ActiveCfg = Debug|Any CPU
		{392D95AD-E92B-4A20-9AFE-58C20DC8C306}.Debug|Any CPU.Build.0 = Debug|Any CPU
		{392D95AD-E92B-4A20-9AFE-58C20DC8C306}.Release|Any CPU.ActiveCfg = Release|Any CPU
		{392D95AD-E92B-4A20-9AFE-58C20DC8C306}.Release|Any CPU.Build.0 = Release|Any CPU
		{D9960F6C-CDF5-4E15-8834-369E04A8BE41}.Debug|Any CPU.ActiveCfg = Debug|Any CPU
		{D9960F6C-CDF5-4E15-8834-369E04A8BE41}.Debug|Any CPU.Build.0 = Debug|Any CPU
		{D9960F6C-CDF5-4E15-8834-369E04A8BE41}.Release|Any CPU.ActiveCfg = Release|Any CPU
		{D9960F6C-CDF5-4E15-8834-369E04A8BE41}.Release|Any CPU.Build.0 = Release|Any CPU
	EndGlobalSection
	GlobalSection(SolutionProperties) = preSolution
		HideSolutionNode = FALSE
	EndGlobalSection
	GlobalSection(ExtensibilityGlobals) = postSolution
		SolutionGuid = {38CB5F08-E808-4B1E-BABD-04261E4BE193}
	EndGlobalSection
EndGlobal
